
Microsoft Visual Studio Solution File, Format Version 11.00
# Visual Studio 2010
Project("{FAE04EC0-301F-11D3-BF4B-00C04F79EFBC}") = "HiddenMickeyProject", "HiddenMickeyProject\HiddenMickeyProject.csproj", "{1E468ADF-578E-4F9F-8814-7A39145150A8}"
EndProject
Project("{FAE04EC0-301F-11D3-BF4B-00C04F79EFBC}") = "HiddenMickeyProject.Data", "HiddenMickeyProject.Data\HiddenMickeyProject.Data.csproj", "{A30C41B2-EB65-4BCD-B8D9-68511C0198D5}"
EndProject
Project("{FAE04EC0-301F-11D3-BF4B-00C04F79EFBC}") = "HiddenMickeyProject.Tests", "HiddenMickeyProject.Tests\HiddenMickeyProject.Tests.csproj", "{C5D73A23-6977-4ABA-8039-B6AD6437D7D1}"
EndProject
Project("{2150E333-8FDC-42A3-9474-1A3956D46DE8}") = "Solution Items", "Solution Items", "{8D0EAFA7-A400-4B16-BAD8-7086106210AD}"
	ProjectSection(SolutionItems) = preProject
		HiddenMickeyProject.vsmdi = HiddenMickeyProject.vsmdi
		Local.testsettings = Local.testsettings
		TraceAndTestImpact.testsettings = TraceAndTestImpact.testsettings
	EndProjectSection
EndProject
Global
	GlobalSection(TestCaseManagementSettings) = postSolution
		CategoryFile = HiddenMickeyProject.vsmdi
	EndGlobalSection
	GlobalSection(SolutionConfigurationPlatforms) = preSolution
		Debug|Any CPU = Debug|Any CPU
		Release|Any CPU = Release|Any CPU
	EndGlobalSection
	GlobalSection(ProjectConfigurationPlatforms) = postSolution
		{1E468ADF-578E-4F9F-8814-7A39145150A8}.Debug|Any CPU.ActiveCfg = Debug|Any CPU
		{1E468ADF-578E-4F9F-8814-7A39145150A8}.Debug|Any CPU.Build.0 = Debug|Any CPU
		{1E468ADF-578E-4F9F-8814-7A39145150A8}.Release|Any CPU.ActiveCfg = Release|Any CPU
		{1E468ADF-578E-4F9F-8814-7A39145150A8}.Release|Any CPU.Build.0 = Release|Any CPU
		{A30C41B2-EB65-4BCD-B8D9-68511C0198D5}.Debug|Any CPU.ActiveCfg = Debug|Any CPU
		{A30C41B2-EB65-4BCD-B8D9-68511C0198D5}.Debug|Any CPU.Build.0 = Debug|Any CPU
		{A30C41B2-EB65-4BCD-B8D9-68511C0198D5}.Release|Any CPU.ActiveCfg = Release|Any CPU
		{A30C41B2-EB65-4BCD-B8D9-68511C0198D5}.Release|Any CPU.Build.0 = Release|Any CPU
		{C5D73A23-6977-4ABA-8039-B6AD6437D7D1}.Debug|Any CPU.ActiveCfg = Debug|Any CPU
		{C5D73A23-6977-4ABA-8039-B6AD6437D7D1}.Debug|Any CPU.Build.0 = Debug|Any CPU
		{C5D73A23-6977-4ABA-8039-B6AD6437D7D1}.Release|Any CPU.ActiveCfg = Release|Any CPU
		{C5D73A23-6977-4ABA-8039-B6AD6437D7D1}.Release|Any CPU.Build.0 = Release|Any CPU
	EndGlobalSection
	GlobalSection(SolutionProperties) = preSolution
		HideSolutionNode = FALSE
	EndGlobalSection
EndGlobal
